
Microsoft Visual Studio Solution File, Format Version 12.00
# Visual Studio Version 17
VisualStudioVersion = 17.7.34221.43
MinimumVisualStudioVersion = 10.0.40219.1
Project("{FAE04EC0-301F-11D3-BF4B-00C04F79EFBC}") = "Taskmanagement", "Taskmanagement\Taskmanagement.csproj", "{68C5FC84-3813-4CB0-A2E5-278028BADFEE}"
EndProject
Global
	GlobalSection(SolutionConfigurationPlatforms) = preSolution
		Debug|Any CPU = Debug|Any CPU
		Release|Any CPU = Release|Any CPU
	EndGlobalSection
	GlobalSection(ProjectConfigurationPlatforms) = postSolution
		{68C5FC84-3813-4CB0-A2E5-278028BADFEE}.Debug|Any CPU.ActiveCfg = Debug|Any CPU
		{68C5FC84-3813-4CB0-A2E5-278028BADFEE}.Debug|Any CPU.Build.0 = Debug|Any CPU
		{68C5FC84-3813-4CB0-A2E5-278028BADFEE}.Release|Any CPU.ActiveCfg = Release|Any CPU
		{68C5FC84-3813-4CB0-A2E5-278028BADFEE}.Release|Any CPU.Build.0 = Release|Any CPU
	EndGlobalSection
	GlobalSection(SolutionProperties) = preSolution
		HideSolutionNode = FALSE
	EndGlobalSection
	GlobalSection(ExtensibilityGlobals) = postSolution
		SolutionGuid = {FB3D706C-8EBC-49C9-ABD4-ECDBE441EAD9}
	EndGlobalSection
EndGlobal
